Microsoft Visual Studio Solution File, Format Version 12.00
# Visual Studio Version 17
VisualStudioVersion = 17.5.2.0
MinimumVisualStudioVersion = 10.0.40219.1
Project("{FAE04EC0-301F-11D3-BF4B-00C04F79EFBC}") = "Quiz 1", "Quiz 1.csproj", "{CDD929DE-FF59-870B-B1B4-F92DF77CF2BD}"
EndProject
Global
	GlobalSection(SolutionConfigurationPlatforms) = preSolution
		Debug|Any CPU = Debug|Any CPU
		Release|Any CPU = Release|Any CPU
	EndGlobalSection
	GlobalSection(ProjectConfigurationPlatforms) = postSolution
		{CDD929DE-FF59-870B-B1B4-F92DF77CF2BD}.Debug|Any CPU.ActiveCfg = Debug|Any CPU
		{CDD929DE-FF59-870B-B1B4-F92DF77CF2BD}.Debug|Any CPU.Build.0 = Debug|Any CPU
		{CDD929DE-FF59-870B-B1B4-F92DF77CF2BD}.Release|Any CPU.ActiveCfg = Release|Any CPU
		{CDD929DE-FF59-870B-B1B4-F92DF77CF2BD}.Release|Any CPU.Build.0 = Release|Any CPU
	EndGlobalSection
	GlobalSection(SolutionProperties) = preSolution
		HideSolutionNode = FALSE
	EndGlobalSection
	GlobalSection(ExtensibilityGlobals) = postSolution
		SolutionGuid = {7D15C1AE-68A7-4233-8FBD-4EF52749E438}
	EndGlobalSection
EndGlobal
