Microsoft Visual Studio Solution File, Format Version 12.00
# Visual Studio Version 17
VisualStudioVersion = 17.5.2.0
MinimumVisualStudioVersion = 10.0.40219.1
Project("{FAE04EC0-301F-11D3-BF4B-00C04F79EFBC}") = "Text_File", "Text_File.csproj", "{E1F4EB7C-3B9B-332A-206B-47F8794DFCE5}"
EndProject
Global
	GlobalSection(SolutionConfigurationPlatforms) = preSolution
		Debug|Any CPU = Debug|Any CPU
		Release|Any CPU = Release|Any CPU
	EndGlobalSection
	GlobalSection(ProjectConfigurationPlatforms) = postSolution
		{E1F4EB7C-3B9B-332A-206B-47F8794DFCE5}.Debug|Any CPU.ActiveCfg = Debug|Any CPU
		{E1F4EB7C-3B9B-332A-206B-47F8794DFCE5}.Debug|Any CPU.Build.0 = Debug|Any CPU
		{E1F4EB7C-3B9B-332A-206B-47F8794DFCE5}.Release|Any CPU.ActiveCfg = Release|Any CPU
		{E1F4EB7C-3B9B-332A-206B-47F8794DFCE5}.Release|Any CPU.Build.0 = Release|Any CPU
	EndGlobalSection
	GlobalSection(SolutionProperties) = preSolution
		HideSolutionNode = FALSE
	EndGlobalSection
	GlobalSection(ExtensibilityGlobals) = postSolution
		SolutionGuid = {3AF89290-58FB-4DE3-8019-11F009A2AA98}
	EndGlobalSection
EndGlobal
