Microsoft Visual Studio Solution File, Format Version 12.00
# Visual Studio Version 17
VisualStudioVersion = 17.5.2.0
MinimumVisualStudioVersion = 10.0.40219.1
Project("{FAE04EC0-301F-11D3-BF4B-00C04F79EFBC}") = "BlazorAppAwesome", "BlazorAppAwesome.csproj", "{048111B1-62FE-ADA8-F4D1-75EA16E2E75A}"
EndProject
Global
	GlobalSection(SolutionConfigurationPlatforms) = preSolution
		Debug|Any CPU = Debug|Any CPU
		Release|Any CPU = Release|Any CPU
	EndGlobalSection
	GlobalSection(ProjectConfigurationPlatforms) = postSolution
		{048111B1-62FE-ADA8-F4D1-75EA16E2E75A}.Debug|Any CPU.ActiveCfg = Debug|Any CPU
		{048111B1-62FE-ADA8-F4D1-75EA16E2E75A}.Debug|Any CPU.Build.0 = Debug|Any CPU
		{048111B1-62FE-ADA8-F4D1-75EA16E2E75A}.Release|Any CPU.ActiveCfg = Release|Any CPU
		{048111B1-62FE-ADA8-F4D1-75EA16E2E75A}.Release|Any CPU.Build.0 = Release|Any CPU
	EndGlobalSection
	GlobalSection(SolutionProperties) = preSolution
		HideSolutionNode = FALSE
	EndGlobalSection
	GlobalSection(ExtensibilityGlobals) = postSolution
		SolutionGuid = {2E0C5A68-8E34-424D-8E4F-2D18B9AD6BAF}
	EndGlobalSection
EndGlobal
